
Microsoft Visual Studio Solution File, Format Version 12.00
# Visual Studio Version 17
VisualStudioVersion = 17.1.32421.90
MinimumVisualStudioVersion = 10.0.40219.1
Project("{FAE04EC0-301F-11D3-BF4B-00C04F79EFBC}") = "osztas", "osztas\osztas.csproj", "{B267F011-FC66-42AE-AE6B-37BB641123A8}"
EndProject
Project("{FAE04EC0-301F-11D3-BF4B-00C04F79EFBC}") = "maradek", "maradek\maradek.csproj", "{FBF18261-5744-4845-AA97-AB521B1ECA9C}"
EndProject
Global
	GlobalSection(SolutionConfigurationPlatforms) = preSolution
		Debug|Any CPU = Debug|Any CPU
		Release|Any CPU = Release|Any CPU
	EndGlobalSection
	GlobalSection(ProjectConfigurationPlatforms) = postSolution
		{B267F011-FC66-42AE-AE6B-37BB641123A8}.Debug|Any CPU.ActiveCfg = Debug|Any CPU
		{B267F011-FC66-42AE-AE6B-37BB641123A8}.Debug|Any CPU.Build.0 = Debug|Any CPU
		{B267F011-FC66-42AE-AE6B-37BB641123A8}.Release|Any CPU.ActiveCfg = Release|Any CPU
		{B267F011-FC66-42AE-AE6B-37BB641123A8}.Release|Any CPU.Build.0 = Release|Any CPU
		{FBF18261-5744-4845-AA97-AB521B1ECA9C}.Debug|Any CPU.ActiveCfg = Debug|Any CPU
		{FBF18261-5744-4845-AA97-AB521B1ECA9C}.Debug|Any CPU.Build.0 = Debug|Any CPU
		{FBF18261-5744-4845-AA97-AB521B1ECA9C}.Release|Any CPU.ActiveCfg = Release|Any CPU
		{FBF18261-5744-4845-AA97-AB521B1ECA9C}.Release|Any CPU.Build.0 = Release|Any CPU
	EndGlobalSection
	GlobalSection(SolutionProperties) = preSolution
		HideSolutionNode = FALSE
	EndGlobalSection
	GlobalSection(ExtensibilityGlobals) = postSolution
		SolutionGuid = {7B7A9C20-311A-4D10-A701-00DA4E8F5485}
	EndGlobalSection
EndGlobal
